// !$*UTF8*$!
{
	archiveVersion = 1;
	classes = {
	};
	objectVersion = 55;
	objects = {

/* Begin PBXBuildFile section */
		6E0440EF282821F1009FBBCE /* String+extentions.swift in Sources */ = {isa = PBXBuildFile; fileRef = 6E0440EE282821F1009FBBCE /* String+extentions.swift */; };
		6E05E8F528253B2C003F9A6F /* APIClientTests.swift in Sources */ = {isa = PBXBuildFile; fileRef = 6E05E8F428253B2C003F9A6F /* APIClientTests.swift */; };
		6E05E8F728253C65003F9A6F /* APIClient.swift in Sources */ = {isa = PBXBuildFile; fileRef = 6E05E8F628253C65003F9A6F /* APIClient.swift */; };
		6E0D618A280B300300EA5D15 /* AppDelegate.swift in Sources */ = {isa = PBXBuildFile; fileRef = 6E0D6189280B300300EA5D15 /* AppDelegate.swift */; };
		6E0D618C280B300300EA5D15 /* SceneDelegate.swift in Sources */ = {isa = PBXBuildFile; fileRef = 6E0D618B280B300300EA5D15 /* SceneDelegate.swift */; };
		6E0D618E280B300300EA5D15 /* TaskListViewController.swift in Sources */ = {isa = PBXBuildFile; fileRef = 6E0D618D280B300300EA5D15 /* TaskListViewController.swift */; };
		6E0D6191280B300300EA5D15 /* Main.storyboard in Resources */ = {isa = PBXBuildFile; fileRef = 6E0D618F280B300300EA5D15 /* Main.storyboard */; };
		6E0D6193280B300A00EA5D15 /* Assets.xcassets in Resources */ = {isa = PBXBuildFile; fileRef = 6E0D6192280B300A00EA5D15 /* Assets.xcassets */; };
		6E0D6196280B300A00EA5D15 /* LaunchScreen.storyboard in Resources */ = {isa = PBXBuildFile; fileRef = 6E0D6194280B300A00EA5D15 /* LaunchScreen.storyboard */; };
		6E0D61A1280B300B00EA5D15 /* ToDoAppTests.swift in Sources */ = {isa = PBXBuildFile; fileRef = 6E0D61A0280B300B00EA5D15 /* ToDoAppTests.swift */; };
		6E0D61AB280B300B00EA5D15 /* ToDoAppUITests.swift in Sources */ = {isa = PBXBuildFile; fileRef = 6E0D61AA280B300B00EA5D15 /* ToDoAppUITests.swift */; };
		6E0D61AD280B300B00EA5D15 /* ToDoAppUITestsLaunchTests.swift in Sources */ = {isa = PBXBuildFile; fileRef = 6E0D61AC280B300B00EA5D15 /* ToDoAppUITestsLaunchTests.swift */; };
		6E0D61BE280B320400EA5D15 /* TaskTests.swift in Sources */ = {isa = PBXBuildFile; fileRef = 6E0D61BD280B320400EA5D15 /* TaskTests.swift */; };
		6E0D61C3280B332A00EA5D15 /* Task.swift in Sources */ = {isa = PBXBuildFile; fileRef = 6E0D61C2280B332A00EA5D15 /* Task.swift */; };
		6E66A88E280DE2AA00420826 /* TaskListViewControllerTests.swift in Sources */ = {isa = PBXBuildFile; fileRef = 6E66A88D280DE2AA00420826 /* TaskListViewControllerTests.swift */; };
		6E66A890280E04E300420826 /* DataProvider.swift in Sources */ = {isa = PBXBuildFile; fileRef = 6E66A88F280E04E300420826 /* DataProvider.swift */; };
		6E66A892280E0C8000420826 /* DataProviderTests.swift in Sources */ = {isa = PBXBuildFile; fileRef = 6E66A891280E0C8000420826 /* DataProviderTests.swift */; };
		6E66A894280E120500420826 /* TaskCell.swift in Sources */ = {isa = PBXBuildFile; fileRef = 6E66A893280E120500420826 /* TaskCell.swift */; };
		6EA5C705281D695A00042EC9 /* NewTaskViewControllerTests.swift in Sources */ = {isa = PBXBuildFile; fileRef = 6EA5C704281D695A00042EC9 /* NewTaskViewControllerTests.swift */; };
		6EA5C707281D6A3200042EC9 /* NewTaskViewController.swift in Sources */ = {isa = PBXBuildFile; fileRef = 6EA5C706281D6A3200042EC9 /* NewTaskViewController.swift */; };
		6ED2731D280B5BDE00E94589 /* Location.swift in Sources */ = {isa = PBXBuildFile; fileRef = 6ED2731C280B5BDE00E94589 /* Location.swift */; };
		6ED2731F280B5D1C00E94589 /* LocationTests.swift in Sources */ = {isa = PBXBuildFile; fileRef = 6ED2731E280B5D1C00E94589 /* LocationTests.swift */; };
		6ED27322280B60DB00E94589 /* TaskManagerTests.swift in Sources */ = {isa = PBXBuildFile; fileRef = 6ED27321280B60DB00E94589 /* TaskManagerTests.swift */; };
		6ED27325280B616F00E94589 /* TaskManager.swift in Sources */ = {isa = PBXBuildFile; fileRef = 6ED27324280B616F00E94589 /* TaskManager.swift */; };
		6EFCE0572819E72B0064D21C /* TaskCellTests.swift in Sources */ = {isa = PBXBuildFile; fileRef = 6EFCE0562819E72B0064D21C /* TaskCellTests.swift */; };
		6EFCE0592819F3860064D21C /* DetailViewControllerTests.swift in Sources */ = {isa = PBXBuildFile; fileRef = 6EFCE0582819F3860064D21C /* DetailViewControllerTests.swift */; };
		6EFCE05B2819F46D0064D21C /* DetailViewController.swift in Sources */ = {isa = PBXBuildFile; fileRef = 6EFCE05A2819F46C0064D21C /* DetailViewController.swift */; };
/* End PBXBuildFile section */

/* Begin PBXContainerItemProxy section */
		6E0D619D280B300B00EA5D15 /* PBXContainerItemProxy */ = {
			isa = PBXContainerItemProxy;
			containerPortal = 6E0D617E280B300300EA5D15 /* Project object */;
			proxyType = 1;
			remoteGlobalIDString = 6E0D6185280B300300EA5D15;
			remoteInfo = ToDoApp;
		};
		6E0D61A7280B300B00EA5D15 /* PBXContainerItemProxy */ = {
			isa = PBXContainerItemProxy;
			containerPortal = 6E0D617E280B300300EA5D15 /* Project object */;
			proxyType = 1;
			remoteGlobalIDString = 6E0D6185280B300300EA5D15;
			remoteInfo = ToDoApp;
		};
/* End PBXContainerItemProxy section */

/* Begin PBXFileReference section */
		6E0440EE282821F1009FBBCE /* String+extentions.swift */ = {isa = PBXFileReference; lastKnownFileType = sourcecode.swift; path = "String+extentions.swift"; sourceTree = "<group>"; };
		6E05E8F428253B2C003F9A6F /* APIClientTests.swift */ = {isa = PBXFileReference; lastKnownFileType = sourcecode.swift; path = APIClientTests.swift; sourceTree = "<group>"; };
		6E05E8F628253C65003F9A6F /* APIClient.swift */ = {isa = PBXFileReference; lastKnownFileType = sourcecode.swift; path = APIClient.swift; sourceTree = "<group>"; };
		6E0D6186280B300300EA5D15 /* ToDoApp.app */ = {isa = PBXFileReference; explicitFileType = wrapper.application; includeInIndex = 0; path = ToDoApp.app; sourceTree = BUILT_PRODUCTS_DIR; };
		6E0D6189280B300300EA5D15 /* AppDelegate.swift */ = {isa = PBXFileReference; lastKnownFileType = sourcecode.swift; path = AppDelegate.swift; sourceTree = "<group>"; };
		6E0D618B280B300300EA5D15 /* SceneDelegate.swift */ = {isa = PBXFileReference; lastKnownFileType = sourcecode.swift; path = SceneDelegate.swift; sourceTree = "<group>"; };
		6E0D618D280B300300EA5D15 /* TaskListViewController.swift */ = {isa = PBXFileReference; lastKnownFileType = sourcecode.swift; path = TaskListViewController.swift; sourceTree = "<group>"; };
		6E0D6190280B300300EA5D15 /* Base */ = {isa = PBXFileReference; lastKnownFileType = file.storyboard; name = Base; path = Base.lproj/Main.storyboard; sourceTree = "<group>"; };
		6E0D6192280B300A00EA5D15 /* Assets.xcassets */ = {isa = PBXFileReference; lastKnownFileType = folder.assetcatalog; path = Assets.xcassets; sourceTree = "<group>"; };
		6E0D6195280B300A00EA5D15 /* Base */ = {isa = PBXFileReference; lastKnownFileType = file.storyboard; name = Base; path = Base.lproj/LaunchScreen.storyboard; sourceTree = "<group>"; };
		6E0D6197280B300A00EA5D15 /* Info.plist */ = {isa = PBXFileReference; lastKnownFileType = text.plist.xml; name = Info.plist; path = ToDoApp/Supporting/Info.plist; sourceTree = SOURCE_ROOT; };
		6E0D619C280B300B00EA5D15 /* ToDoAppTests.xctest */ = {isa = PBXFileReference; explicitFileType = wrapper.cfbundle; includeInIndex = 0; path = ToDoAppTests.xctest; sourceTree = BUILT_PRODUCTS_DIR; };
		6E0D61A0280B300B00EA5D15 /* ToDoAppTests.swift */ = {isa = PBXFileReference; lastKnownFileType = sourcecode.swift; path = ToDoAppTests.swift; sourceTree = "<group>"; };
		6E0D61A6280B300B00EA5D15 /* ToDoAppUITests.xctest */ = {isa = PBXFileReference; explicitFileType = wrapper.cfbundle; includeInIndex = 0; path = ToDoAppUITests.xctest; sourceTree = BUILT_PRODUCTS_DIR; };
		6E0D61AA280B300B00EA5D15 /* ToDoAppUITests.swift */ = {isa = PBXFileReference; lastKnownFileType = sourcecode.swift; path = ToDoAppUITests.swift; sourceTree = "<group>"; };
		6E0D61AC280B300B00EA5D15 /* ToDoAppUITestsLaunchTests.swift */ = {isa = PBXFileReference; lastKnownFileType = sourcecode.swift; path = ToDoAppUITestsLaunchTests.swift; sourceTree = "<group>"; };
		6E0D61BD280B320400EA5D15 /* TaskTests.swift */ = {isa = PBXFileReference; lastKnownFileType = sourcecode.swift; path = TaskTests.swift; sourceTree = "<group>"; };
		6E0D61C2280B332A00EA5D15 /* Task.swift */ = {isa = PBXFileReference; lastKnownFileType = sourcecode.swift; path = Task.swift; sourceTree = "<group>"; };
		6E66A88D280DE2AA00420826 /* TaskListViewControllerTests.swift */ = {isa = PBXFileReference; lastKnownFileType = sourcecode.swift; path = TaskListViewControllerTests.swift; sourceTree = "<group>"; };
		6E66A88F280E04E300420826 /* DataProvider.swift */ = {isa = PBXFileReference; lastKnownFileType = sourcecode.swift; path = DataProvider.swift; sourceTree = "<group>"; };
		6E66A891280E0C8000420826 /* DataProviderTests.swift */ = {isa = PBXFileReference; lastKnownFileType = sourcecode.swift; path = DataProviderTests.swift; sourceTree = "<group>"; };
		6E66A893280E120500420826 /* TaskCell.swift */ = {isa = PBXFileReference; lastKnownFileType = sourcecode.swift; path = TaskCell.swift; sourceTree = "<group>"; };
		6EA5C704281D695A00042EC9 /* NewTaskViewControllerTests.swift */ = {isa = PBXFileReference; lastKnownFileType = sourcecode.swift; path = NewTaskViewControllerTests.swift; sourceTree = "<group>"; };
		6EA5C706281D6A3200042EC9 /* NewTaskViewController.swift */ = {isa = PBXFileReference; lastKnownFileType = sourcecode.swift; path = NewTaskViewController.swift; sourceTree = "<group>"; };
		6ED2731C280B5BDE00E94589 /* Location.swift */ = {isa = PBXFileReference; lastKnownFileType = sourcecode.swift; path = Location.swift; sourceTree = "<group>"; };
		6ED2731E280B5D1C00E94589 /* LocationTests.swift */ = {isa = PBXFileReference; lastKnownFileType = sourcecode.swift; path = LocationTests.swift; sourceTree = "<group>"; };
		6ED27321280B60DB00E94589 /* TaskManagerTests.swift */ = {isa = PBXFileReference; lastKnownFileType = sourcecode.swift; path = TaskManagerTests.swift; sourceTree = "<group>"; };
		6ED27324280B616F00E94589 /* TaskManager.swift */ = {isa = PBXFileReference; lastKnownFileType = sourcecode.swift; path = TaskManager.swift; sourceTree = "<group>"; };
		6EFCE0562819E72B0064D21C /* TaskCellTests.swift */ = {isa = PBXFileReference; lastKnownFileType = sourcecode.swift; path = TaskCellTests.swift; sourceTree = "<group>"; };
		6EFCE0582819F3860064D21C /* DetailViewControllerTests.swift */ = {isa = PBXFileReference; lastKnownFileType = sourcecode.swift; path = DetailViewControllerTests.swift; sourceTree = "<group>"; };
		6EFCE05A2819F46C0064D21C /* DetailViewController.swift */ = {isa = PBXFileReference; lastKnownFileType = sourcecode.swift; path = DetailViewController.swift; sourceTree = "<group>"; };
/* End PBXFileReference section */

/* Begin PBXFrameworksBuildPhase section */
		6E0D6183280B300300EA5D15 /* Frameworks */ = {
			isa = PBXFrameworksBuildPhase;
			buildActionMask = 2147483647;
			files = (
			);
			runOnlyForDeploymentPostprocessing = 0;
		};
		6E0D6199280B300B00EA5D15 /* Frameworks */ = {
			isa = PBXFrameworksBuildPhase;
			buildActionMask = 2147483647;
			files = (
			);
			runOnlyForDeploymentPostprocessing = 0;
		};
		6E0D61A3280B300B00EA5D15 /* Frameworks */ = {
			isa = PBXFrameworksBuildPhase;
			buildActionMask = 2147483647;
			files = (
			);
			runOnlyForDeploymentPostprocessing = 0;
		};
/* End PBXFrameworksBuildPhase section */

/* Begin PBXGroup section */
		6E0440F0282821FD009FBBCE /* Extentions */ = {
			isa = PBXGroup;
			children = (
				6E0440EE282821F1009FBBCE /* String+extentions.swift */,
			);
			path = Extentions;
			sourceTree = "<group>";
		};
		6E05E8F828258846003F9A6F /* Supporting files */ = {
			isa = PBXGroup;
			children = (
				6E0D61A0280B300B00EA5D15 /* ToDoAppTests.swift */,
			);
			path = "Supporting files";
			sourceTree = "<group>";
		};
		6E0D617D280B300300EA5D15 = {
			isa = PBXGroup;
			children = (
				6E0D6188280B300300EA5D15 /* ToDoApp */,
				6E0D619F280B300B00EA5D15 /* ToDoAppTests */,
				6E0D61A9280B300B00EA5D15 /* ToDoAppUITests */,
				6E0D6187280B300300EA5D15 /* Products */,
			);
			sourceTree = "<group>";
		};
		6E0D6187280B300300EA5D15 /* Products */ = {
			isa = PBXGroup;
			children = (
				6E0D6186280B300300EA5D15 /* ToDoApp.app */,
				6E0D619C280B300B00EA5D15 /* ToDoAppTests.xctest */,
				6E0D61A6280B300B00EA5D15 /* ToDoAppUITests.xctest */,
			);
			name = Products;
			sourceTree = "<group>";
		};
		6E0D6188280B300300EA5D15 /* ToDoApp */ = {
			isa = PBXGroup;
			children = (
				6E0440F0282821FD009FBBCE /* Extentions */,
				6ED27323280B615300E94589 /* Manager */,
				6E0D61BB280B306800EA5D15 /* Controller */,
				6E0D61BA280B304200EA5D15 /* View */,
				6E0D61B9280B303500EA5D15 /* Model */,
				6E0D61BC280B309F00EA5D15 /* Supporting */,
			);
			path = ToDoApp;
			sourceTree = "<group>";
		};
		6E0D619F280B300B00EA5D15 /* ToDoAppTests */ = {
			isa = PBXGroup;
			children = (
				6EFCE0552819E70B0064D21C /* View */,
				6E66A88C280DE27B00420826 /* Controller */,
				6ED27320280B60AC00E94589 /* Manager */,
				6E05E8F828258846003F9A6F /* Supporting files */,
				6E0D61BF280B321900EA5D15 /* Model */,
			);
			path = ToDoAppTests;
			sourceTree = "<group>";
		};
		6E0D61A9280B300B00EA5D15 /* ToDoAppUITests */ = {
			isa = PBXGroup;
			children = (
				6E0D61AA280B300B00EA5D15 /* ToDoAppUITests.swift */,
				6E0D61AC280B300B00EA5D15 /* ToDoAppUITestsLaunchTests.swift */,
			);
			path = ToDoAppUITests;
			sourceTree = "<group>";
		};
		6E0D61B9280B303500EA5D15 /* Model */ = {
			isa = PBXGroup;
			children = (
				6E0D61C2280B332A00EA5D15 /* Task.swift */,
				6ED2731C280B5BDE00E94589 /* Location.swift */,
			);
			path = Model;
			sourceTree = "<group>";
		};
		6E0D61BA280B304200EA5D15 /* View */ = {
			isa = PBXGroup;
			children = (
				6E66A893280E120500420826 /* TaskCell.swift */,
			);
			path = View;
			sourceTree = "<group>";
		};
		6E0D61BB280B306800EA5D15 /* Controller */ = {
			isa = PBXGroup;
			children = (
				6E0D618D280B300300EA5D15 /* TaskListViewController.swift */,
				6E66A88F280E04E300420826 /* DataProvider.swift */,
				6EFCE05A2819F46C0064D21C /* DetailViewController.swift */,
				6EA5C706281D6A3200042EC9 /* NewTaskViewController.swift */,
			);
			path = Controller;
			sourceTree = "<group>";
		};
		6E0D61BC280B309F00EA5D15 /* Supporting */ = {
			isa = PBXGroup;
			children = (
				6E0D6189280B300300EA5D15 /* AppDelegate.swift */,
				6E0D618B280B300300EA5D15 /* SceneDelegate.swift */,
				6E0D618F280B300300EA5D15 /* Main.storyboard */,
				6E0D6192280B300A00EA5D15 /* Assets.xcassets */,
				6E0D6194280B300A00EA5D15 /* LaunchScreen.storyboard */,
				6E0D6197280B300A00EA5D15 /* Info.plist */,
			);
			path = Supporting;
			sourceTree = "<group>";
		};
		6E0D61BF280B321900EA5D15 /* Model */ = {
			isa = PBXGroup;
			children = (
				6E0D61BD280B320400EA5D15 /* TaskTests.swift */,
				6ED2731E280B5D1C00E94589 /* LocationTests.swift */,
			);
			path = Model;
			sourceTree = "<group>";
		};
		6E66A88C280DE27B00420826 /* Controller */ = {
			isa = PBXGroup;
			children = (
				6E66A88D280DE2AA00420826 /* TaskListViewControllerTests.swift */,
				6E66A891280E0C8000420826 /* DataProviderTests.swift */,
				6EFCE0582819F3860064D21C /* DetailViewControllerTests.swift */,
				6EA5C704281D695A00042EC9 /* NewTaskViewControllerTests.swift */,
			);
			path = Controller;
			sourceTree = "<group>";
		};
		6ED27320280B60AC00E94589 /* Manager */ = {
			isa = PBXGroup;
			children = (
				6ED27321280B60DB00E94589 /* TaskManagerTests.swift */,
				6E05E8F428253B2C003F9A6F /* APIClientTests.swift */,
			);
			path = Manager;
			sourceTree = "<group>";
		};
		6ED27323280B615300E94589 /* Manager */ = {
			isa = PBXGroup;
			children = (
				6ED27324280B616F00E94589 /* TaskManager.swift */,
				6E05E8F628253C65003F9A6F /* APIClient.swift */,
			);
			path = Manager;
			sourceTree = "<group>";
		};
		6EFCE0552819E70B0064D21C /* View */ = {
			isa = PBXGroup;
			children = (
				6EFCE0562819E72B0064D21C /* TaskCellTests.swift */,
			);
			path = View;
			sourceTree = "<group>";
		};
/* End PBXGroup section */

/* Begin PBXNativeTarget section */
		6E0D6185280B300300EA5D15 /* ToDoApp */ = {
			isa = PBXNativeTarget;
			buildConfigurationList = 6E0D61B0280B300B00EA5D15 /* Build configuration list for PBXNativeTarget "ToDoApp" */;
			buildPhases = (
				6E0D6182280B300300EA5D15 /* Sources */,
				6E0D6183280B300300EA5D15 /* Frameworks */,
				6E0D6184280B300300EA5D15 /* Resources */,
			);
			buildRules = (
			);
			dependencies = (
			);
			name = ToDoApp;
			productName = ToDoApp;
			productReference = 6E0D6186280B300300EA5D15 /* ToDoApp.app */;
			productType = "com.apple.product-type.application";
		};
		6E0D619B280B300B00EA5D15 /* ToDoAppTests */ = {
			isa = PBXNativeTarget;
			buildConfigurationList = 6E0D61B3280B300B00EA5D15 /* Build configuration list for PBXNativeTarget "ToDoAppTests" */;
			buildPhases = (
				6E0D6198280B300B00EA5D15 /* Sources */,
				6E0D6199280B300B00EA5D15 /* Frameworks */,
				6E0D619A280B300B00EA5D15 /* Resources */,
			);
			buildRules = (
			);
			dependencies = (
				6E0D619E280B300B00EA5D15 /* PBXTargetDependency */,
			);
			name = ToDoAppTests;
			productName = ToDoAppTests;
			productReference = 6E0D619C280B300B00EA5D15 /* ToDoAppTests.xctest */;
			productType = "com.apple.product-type.bundle.unit-test";
		};
		6E0D61A5280B300B00EA5D15 /* ToDoAppUITests */ = {
			isa = PBXNativeTarget;
			buildConfigurationList = 6E0D61B6280B300B00EA5D15 /* Build configuration list for PBXNativeTarget "ToDoAppUITests" */;
			buildPhases = (
				6E0D61A2280B300B00EA5D15 /* Sources */,
				6E0D61A3280B300B00EA5D15 /* Frameworks */,
				6E0D61A4280B300B00EA5D15 /* Resources */,
			);
			buildRules = (
			);
			dependencies = (
				6E0D61A8280B300B00EA5D15 /* PBXTargetDependency */,
			);
			name = ToDoAppUITests;
			productName = ToDoAppUITests;
			productReference = 6E0D61A6280B300B00EA5D15 /* ToDoAppUITests.xctest */;
			productType = "com.apple.product-type.bundle.ui-testing";
		};
/* End PBXNativeTarget section */

/* Begin PBXProject section */
		6E0D617E280B300300EA5D15 /* Project object */ = {
			isa = PBXProject;
			attributes = {
				BuildIndependentTargetsInParallel = 1;
				LastSwiftUpdateCheck = 1300;
				LastUpgradeCheck = 1300;
				TargetAttributes = {
					6E0D6185280B300300EA5D15 = {
						CreatedOnToolsVersion = 13.0;
					};
					6E0D619B280B300B00EA5D15 = {
						CreatedOnToolsVersion = 13.0;
						TestTargetID = 6E0D6185280B300300EA5D15;
					};
					6E0D61A5280B300B00EA5D15 = {
						CreatedOnToolsVersion = 13.0;
						TestTargetID = 6E0D6185280B300300EA5D15;
					};
				};
			};
			buildConfigurationList = 6E0D6181280B300300EA5D15 /* Build configuration list for PBXProject "ToDoApp" */;
			compatibilityVersion = "Xcode 13.0";
			developmentRegion = en;
			hasScannedForEncodings = 0;
			knownRegions = (
				en,
				Base,
			);
			mainGroup = 6E0D617D280B300300EA5D15;
			productRefGroup = 6E0D6187280B300300EA5D15 /* Products */;
			projectDirPath = "";
			projectRoot = "";
			targets = (
				6E0D6185280B300300EA5D15 /* ToDoApp */,
				6E0D619B280B300B00EA5D15 /* ToDoAppTests */,
				6E0D61A5280B300B00EA5D15 /* ToDoAppUITests */,
			);
		};
/* End PBXProject section */

/* Begin PBXResourcesBuildPhase section */
		6E0D6184280B300300EA5D15 /* Resources */ = {
			isa = PBXResourcesBuildPhase;
			buildActionMask = 2147483647;
			files = (
				6E0D6196280B300A00EA5D15 /* LaunchScreen.storyboard in Resources */,
				6E0D6193280B300A00EA5D15 /* Assets.xcassets in Resources */,
				6E0D6191280B300300EA5D15 /* Main.storyboard in Resources */,
			);
			runOnlyForDeploymentPostprocessing = 0;
		};
		6E0D619A280B300B00EA5D15 /* Resources */ = {
			isa = PBXResourcesBuildPhase;
			buildActionMask = 2147483647;
			files = (
			);
			runOnlyForDeploymentPostprocessing = 0;
		};
		6E0D61A4280B300B00EA5D15 /* Resources */ = {
			isa = PBXResourcesBuildPhase;
			buildActionMask = 2147483647;
			files = (
			);
			runOnlyForDeploymentPostprocessing = 0;
		};
/* End PBXResourcesBuildPhase section */

/* Begin PBXSourcesBuildPhase section */
		6E0D6182280B300300EA5D15 /* Sources */ = {
			isa = PBXSourcesBuildPhase;
			buildActionMask = 2147483647;
			files = (
				6EFCE05B2819F46D0064D21C /* DetailViewController.swift in Sources */,
				6E0440EF282821F1009FBBCE /* String+extentions.swift in Sources */,
				6ED27325280B616F00E94589 /* TaskManager.swift in Sources */,
				6E0D61C3280B332A00EA5D15 /* Task.swift in Sources */,
				6E0D618E280B300300EA5D15 /* TaskListViewController.swift in Sources */,
				6E66A890280E04E300420826 /* DataProvider.swift in Sources */,
				6E05E8F728253C65003F9A6F /* APIClient.swift in Sources */,
				6E66A894280E120500420826 /* TaskCell.swift in Sources */,
				6EA5C707281D6A3200042EC9 /* NewTaskViewController.swift in Sources */,
				6ED2731D280B5BDE00E94589 /* Location.swift in Sources */,
				6E0D618A280B300300EA5D15 /* AppDelegate.swift in Sources */,
				6E0D618C280B300300EA5D15 /* SceneDelegate.swift in Sources */,
			);
			runOnlyForDeploymentPostprocessing = 0;
		};
		6E0D6198280B300B00EA5D15 /* Sources */ = {
			isa = PBXSourcesBuildPhase;
			buildActionMask = 2147483647;
			files = (
				6E0D61BE280B320400EA5D15 /* TaskTests.swift in Sources */,
				6ED2731F280B5D1C00E94589 /* LocationTests.swift in Sources */,
				6EFCE0572819E72B0064D21C /* TaskCellTests.swift in Sources */,
				6E05E8F528253B2C003F9A6F /* APIClientTests.swift in Sources */,
				6EA5C705281D695A00042EC9 /* NewTaskViewControllerTests.swift in Sources */,
				6E66A892280E0C8000420826 /* DataProviderTests.swift in Sources */,
				6ED27322280B60DB00E94589 /* TaskManagerTests.swift in Sources */,
				6E66A88E280DE2AA00420826 /* TaskListViewControllerTests.swift in Sources */,
				6E0D61A1280B300B00EA5D15 /* ToDoAppTests.swift in Sources */,
				6EFCE0592819F3860064D21C /* DetailViewControllerTests.swift in Sources */,
			);
			runOnlyForDeploymentPostprocessing = 0;
		};
		6E0D61A2280B300B00EA5D15 /* Sources */ = {
			isa = PBXSourcesBuildPhase;
			buildActionMask = 2147483647;
			files = (
				6E0D61AD280B300B00EA5D15 /* ToDoAppUITestsLaunchTests.swift in Sources */,
				6E0D61AB280B300B00EA5D15 /* ToDoAppUITests.swift in Sources */,
			);
			runOnlyForDeploymentPostprocessing = 0;
		};
/* End PBXSourcesBuildPhase section */

/* Begin PBXTargetDependency section */
		6E0D619E280B300B00EA5D15 /* PBXTargetDependency */ = {
			isa = PBXTargetDependency;
			target = 6E0D6185280B300300EA5D15 /* ToDoApp */;
			targetProxy = 6E0D619D280B300B00EA5D15 /* PBXContainerItemProxy */;
		};
		6E0D61A8280B300B00EA5D15 /* PBXTargetDependency */ = {
			isa = PBXTargetDependency;
			target = 6E0D6185280B300300EA5D15 /* ToDoApp */;
			targetProxy = 6E0D61A7280B300B00EA5D15 /* PBXContainerItemProxy */;
		};
/* End PBXTargetDependency section */

/* Begin PBXVariantGroup section */
		6E0D618F280B300300EA5D15 /* Main.storyboard */ = {
			isa = PBXVariantGroup;
			children = (
				6E0D6190280B300300EA5D15 /* Base */,
			);
			name = Main.storyboard;
			sourceTree = "<group>";
		};
		6E0D6194280B300A00EA5D15 /* LaunchScreen.storyboard */ = {
			isa = PBXVariantGroup;
			children = (
				6E0D6195280B300A00EA5D15 /* Base */,
			);
			name = LaunchScreen.storyboard;
			sourceTree = "<group>";
		};
/* End PBXVariantGroup section */

/* Begin XCBuildConfiguration section */
		6E0D61AE280B300B00EA5D15 /* Debug */ = {
			isa = XCBuildConfiguration;
			buildSettings = {
				ALWAYS_SEARCH_USER_PATHS = NO;
				CLANG_ANALYZER_NONNULL = YES;
				CLANG_ANALYZER_NUMBER_OBJECT_CONVERSION = YES_AGGRESSIVE;
				CLANG_CXX_LANGUAGE_STANDARD = "gnu++17";
				CLANG_CXX_LIBRARY = "libc++";
				CLANG_ENABLE_MODULES = YES;
				CLANG_ENABLE_OBJC_ARC = YES;
				CLANG_ENABLE_OBJC_WEAK = YES;
				CLANG_WARN_BLOCK_CAPTURE_AUTORELEASING = YES;
				CLANG_WARN_BOOL_CONVERSION = YES;
				CLANG_WARN_COMMA = YES;
				CLANG_WARN_CONSTANT_CONVERSION = YES;
				CLANG_WARN_DEPRECATED_OBJC_IMPLEMENTATIONS = YES;
				CLANG_WARN_DIRECT_OBJC_ISA_USAGE = YES_ERROR;
				CLANG_WARN_DOCUMENTATION_COMMENTS = YES;
				CLANG_WARN_EMPTY_BODY = YES;
				CLANG_WARN_ENUM_CONVERSION = YES;
				CLANG_WARN_INFINITE_RECURSION = YES;
				CLANG_WARN_INT_CONVERSION = YES;
				CLANG_WARN_NON_LITERAL_NULL_CONVERSION = YES;
				CLANG_WARN_OBJC_IMPLICIT_RETAIN_SELF = YES;
				CLANG_WARN_OBJC_LITERAL_CONVERSION = YES;
				CLANG_WARN_OBJC_ROOT_CLASS = YES_ERROR;
				CLANG_WARN_QUOTED_INCLUDE_IN_FRAMEWORK_HEADER = YES;
				CLANG_WARN_RANGE_LOOP_ANALYSIS = YES;
				CLANG_WARN_STRICT_PROTOTYPES = YES;
				CLANG_WARN_SUSPICIOUS_MOVE = YES;
				CLANG_WARN_UNGUARDED_AVAILABILITY = YES_AGGRESSIVE;
				CLANG_WARN_UNREACHABLE_CODE = YES;
				CLANG_WARN__DUPLICATE_METHOD_MATCH = YES;
				COPY_PHASE_STRIP = NO;
				DEBUG_INFORMATION_FORMAT = dwarf;
				ENABLE_STRICT_OBJC_MSGSEND = YES;
				ENABLE_TESTABILITY = YES;
				GCC_C_LANGUAGE_STANDARD = gnu11;
				GCC_DYNAMIC_NO_PIC = NO;
				GCC_NO_COMMON_BLOCKS = YES;
				GCC_OPTIMIZATION_LEVEL = 0;
				GCC_PREPROCESSOR_DEFINITIONS = (
					"DEBUG=1",
					"$(inherited)",
				);
				GCC_WARN_64_TO_32_BIT_CONVERSION = YES;
				GCC_WARN_ABOUT_RETURN_TYPE = YES_ERROR;
				GCC_WARN_UNDECLARED_SELECTOR = YES;
				GCC_WARN_UNINITIALIZED_AUTOS = YES_AGGRESSIVE;
				GCC_WARN_UNUSED_FUNCTION = YES;
				GCC_WARN_UNUSED_VARIABLE = YES;
				IPHONEOS_DEPLOYMENT_TARGET = 15.0;
				MTL_ENABLE_DEBUG_INFO = INCLUDE_SOURCE;
				MTL_FAST_MATH = YES;
				ONLY_ACTIVE_ARCH = YES;
				SDKROOT = iphoneos;
				SWIFT_ACTIVE_COMPILATION_CONDITIONS = DEBUG;
				SWIFT_OPTIMIZATION_LEVEL = "-Onone";
			};
			name = Debug;
		};
		6E0D61AF280B300B00EA5D15 /* Release */ = {
			isa = XCBuildConfiguration;
			buildSettings = {
				ALWAYS_SEARCH_USER_PATHS = NO;
				CLANG_ANALYZER_NONNULL = YES;
				CLANG_ANALYZER_NUMBER_OBJECT_CONVERSION = YES_AGGRESSIVE;
				CLANG_CXX_LANGUAGE_STANDARD = "gnu++17";
				CLANG_CXX_LIBRARY = "libc++";
				CLANG_ENABLE_MODULES = YES;
				CLANG_ENABLE_OBJC_ARC = YES;
				CLANG_ENABLE_OBJC_WEAK = YES;
				CLANG_WARN_BLOCK_CAPTURE_AUTORELEASING = YES;
				CLANG_WARN_BOOL_CONVERSION = YES;
				CLANG_WARN_COMMA = YES;
				CLANG_WARN_CONSTANT_CONVERSION = YES;
				CLANG_WARN_DEPRECATED_OBJC_IMPLEMENTATIONS = YES;
				CLANG_WARN_DIRECT_OBJC_ISA_USAGE = YES_ERROR;
				CLANG_WARN_DOCUMENTATION_COMMENTS = YES;
				CLANG_WARN_EMPTY_BODY = YES;
				CLANG_WARN_ENUM_CONVERSION = YES;
				CLANG_WARN_INFINITE_RECURSION = YES;
				CLANG_WARN_INT_CONVERSION = YES;
				CLANG_WARN_NON_LITERAL_NULL_CONVERSION = YES;
				CLANG_WARN_OBJC_IMPLICIT_RETAIN_SELF = YES;
				CLANG_WARN_OBJC_LITERAL_CONVERSION = YES;
				CLANG_WARN_OBJC_ROOT_CLASS = YES_ERROR;
				CLANG_WARN_QUOTED_INCLUDE_IN_FRAMEWORK_HEADER = YES;
				CLANG_WARN_RANGE_LOOP_ANALYSIS = YES;
				CLANG_WARN_STRICT_PROTOTYPES = YES;
				CLANG_WARN_SUSPICIOUS_MOVE = YES;
				CLANG_WARN_UNGUARDED_AVAILABILITY = YES_AGGRESSIVE;
				CLANG_WARN_UNREACHABLE_CODE = YES;
				CLANG_WARN__DUPLICATE_METHOD_MATCH = YES;
				COPY_PHASE_STRIP = NO;
				DEBUG_INFORMATION_FORMAT = "dwarf-with-dsym";
				ENABLE_NS_ASSERTIONS = NO;
				ENABLE_STRICT_OBJC_MSGSEND = YES;
				GCC_C_LANGUAGE_STANDARD = gnu11;
				GCC_NO_COMMON_BLOCKS = YES;
				GCC_WARN_64_TO_32_BIT_CONVERSION = YES;
				GCC_WARN_ABOUT_RETURN_TYPE = YES_ERROR;
				GCC_WARN_UNDECLARED_SELECTOR = YES;
				GCC_WARN_UNINITIALIZED_AUTOS = YES_AGGRESSIVE;
				GCC_WARN_UNUSED_FUNCTION = YES;
				GCC_WARN_UNUSED_VARIABLE = YES;
				IPHONEOS_DEPLOYMENT_TARGET = 15.0;
				MTL_ENABLE_DEBUG_INFO = NO;
				MTL_FAST_MATH = YES;
				SDKROOT = iphoneos;
				SWIFT_COMPILATION_MODE = wholemodule;
				SWIFT_OPTIMIZATION_LEVEL = "-O";
				VALIDATE_PRODUCT = YES;
			};
			name = Release;
		};
		6E0D61B1280B300B00EA5D15 /* Debug */ = {
			isa = XCBuildConfiguration;
			buildSettings = {
				ASSETCATALOG_COMPILER_APPICON_NAME = AppIcon;
				ASSETCATALOG_COMPILER_GLOBAL_ACCENT_COLOR_NAME = AccentColor;
				CODE_SIGN_STYLE = Automatic;
				CURRENT_PROJECT_VERSION = 1;
				DEVELOPMENT_TEAM = D6S3USZW2N;
				GENERATE_INFOPLIST_FILE = YES;
				INFOPLIST_FILE = ToDoApp/Supporting/Info.plist;
				INFOPLIST_KEY_UIApplicationSupportsIndirectInputEvents = YES;
				INFOPLIST_KEY_UILaunchStoryboardName = LaunchScreen;
				INFOPLIST_KEY_UIMainStoryboardFile = Main;
				INFOPLIST_KEY_UISupportedInterfaceOrientations = UIInterfaceOrientationPortrait;
				INFOPLIST_KEY_UISupportedInterfaceOrientations_iPad = "UIInterfaceOrientationPortrait UIInterfaceOrientationPortraitUpsideDown UIInterfaceOrientationLandscapeLeft UIInterfaceOrientationLandscapeRight";
				INFOPLIST_KEY_UISupportedInterfaceOrientations_iPhone = "UIInterfaceOrientationPortrait UIInterfaceOrientationLandscapeLeft UIInterfaceOrientationLandscapeRight";
				LD_RUNPATH_SEARCH_PATHS = (
					"$(inherited)",
					"@executable_path/Frameworks",
				);
				MARKETING_VERSION = 1.0;
				NEW = NO;
				PRODUCT_BUNDLE_IDENTIFIER = "com.andrew-pautov.ToDoApp";
				PRODUCT_NAME = "$(TARGET_NAME)";
				SWIFT_EMIT_LOC_STRINGS = YES;
				SWIFT_VERSION = 5.0;
				TARGETED_DEVICE_FAMILY = "1,2";
			};
			name = Debug;
		};
		6E0D61B2280B300B00EA5D15 /* Release */ = {
			isa = XCBuildConfiguration;
			buildSettings = {
				ASSETCATALOG_COMPILER_APPICON_NAME = AppIcon;
				ASSETCATALOG_COMPILER_GLOBAL_ACCENT_COLOR_NAME = AccentColor;
				CODE_SIGN_STYLE = Automatic;
				CURRENT_PROJECT_VERSION = 1;
				DEVELOPMENT_TEAM = D6S3USZW2N;
				GENERATE_INFOPLIST_FILE = YES;
				INFOPLIST_FILE = ToDoApp/Supporting/Info.plist;
				INFOPLIST_KEY_UIApplicationSupportsIndirectInputEvents = YES;
				INFOPLIST_KEY_UILaunchStoryboardName = LaunchScreen;
				INFOPLIST_KEY_UIMainStoryboardFile = Main;
				INFOPLIST_KEY_UISupportedInterfaceOrientations = UIInterfaceOrientationPortrait;
				INFOPLIST_KEY_UISupportedInterfaceOrientations_iPad = "UIInterfaceOrientationPortrait UIInterfaceOrientationPortraitUpsideDown UIInterfaceOrientationLandscapeLeft UIInterfaceOrientationLandscapeRight";
				INFOPLIST_KEY_UISupportedInterfaceOrientations_iPhone = "UIInterfaceOrientationPortrait UIInterfaceOrientationLandscapeLeft UIInterfaceOrientationLandscapeRight";
				LD_RUNPATH_SEARCH_PATHS = (
					"$(inherited)",
					"@executable_path/Frameworks",
				);
				MARKETING_VERSION = 1.0;
				NEW = NO;
				PRODUCT_BUNDLE_IDENTIFIER = "com.andrew-pautov.ToDoApp";
				PRODUCT_NAME = "$(TARGET_NAME)";
				SWIFT_EMIT_LOC_STRINGS = YES;
				SWIFT_VERSION = 5.0;
				TARGETED_DEVICE_FAMILY = "1,2";
			};
			name = Release;
		};
		6E0D61B4280B300B00EA5D15 /* Debug */ = {
			isa = XCBuildConfiguration;
			buildSettings = {
				ALWAYS_EMBED_SWIFT_STANDARD_LIBRARIES = YES;
				BUNDLE_LOADER = "$(TEST_HOST)";
				CODE_SIGN_STYLE = Automatic;
				CURRENT_PROJECT_VERSION = 1;
				DEVELOPMENT_TEAM = D6S3USZW2N;
				GENERATE_INFOPLIST_FILE = YES;
				IPHONEOS_DEPLOYMENT_TARGET = 15.0;
				LD_RUNPATH_SEARCH_PATHS = (
					"$(inherited)",
					"@executable_path/Frameworks",
					"@loader_path/Frameworks",
				);
				MARKETING_VERSION = 1.0;
				PRODUCT_BUNDLE_IDENTIFIER = "com.andrew-pautov.ToDoAppTests";
				PRODUCT_NAME = "$(TARGET_NAME)";
				SWIFT_EMIT_LOC_STRINGS = NO;
				SWIFT_VERSION = 5.0;
				TARGETED_DEVICE_FAMILY = "1,2";
				TEST_HOST = "$(BUILT_PRODUCTS_DIR)/ToDoApp.app/ToDoApp";
			};
			name = Debug;
		};
		6E0D61B5280B300B00EA5D15 /* Release */ = {
			isa = XCBuildConfiguration;
			buildSettings = {
				ALWAYS_EMBED_SWIFT_STANDARD_LIBRARIES = YES;
				BUNDLE_LOADER = "$(TEST_HOST)";
				CODE_SIGN_STYLE = Automatic;
				CURRENT_PROJECT_VERSION = 1;
				DEVELOPMENT_TEAM = D6S3USZW2N;
				GENERATE_INFOPLIST_FILE = YES;
				IPHONEOS_DEPLOYMENT_TARGET = 15.0;
				LD_RUNPATH_SEARCH_PATHS = (
					"$(inherited)",
					"@executable_path/Frameworks",
					"@loader_path/Frameworks",
				);
				MARKETING_VERSION = 1.0;
				PRODUCT_BUNDLE_IDENTIFIER = "com.andrew-pautov.ToDoAppTests";
				PRODUCT_NAME = "$(TARGET_NAME)";
				SWIFT_EMIT_LOC_STRINGS = NO;
				SWIFT_VERSION = 5.0;
				TARGETED_DEVICE_FAMILY = "1,2";
				TEST_HOST = "$(BUILT_PRODUCTS_DIR)/ToDoApp.app/ToDoApp";
			};
			name = Release;
		};
		6E0D61B7280B300B00EA5D15 /* Debug */ = {
			isa = XCBuildConfiguration;
			buildSettings = {
				ALWAYS_EMBED_SWIFT_STANDARD_LIBRARIES = YES;
				CODE_SIGN_STYLE = Automatic;
				CURRENT_PROJECT_VERSION = 1;
				DEVELOPMENT_TEAM = D6S3USZW2N;
				GENERATE_INFOPLIST_FILE = YES;
				LD_RUNPATH_SEARCH_PATHS = (
					"$(inherited)",
					"@executable_path/Frameworks",
					"@loader_path/Frameworks",
				);
				MARKETING_VERSION = 1.0;
				PRODUCT_BUNDLE_IDENTIFIER = "com.andrew-pautov.ToDoAppUITests";
				PRODUCT_NAME = "$(TARGET_NAME)";
				SWIFT_EMIT_LOC_STRINGS = NO;
				SWIFT_VERSION = 5.0;
				TARGETED_DEVICE_FAMILY = "1,2";
				TEST_TARGET_NAME = ToDoApp;
			};
			name = Debug;
		};
		6E0D61B8280B300B00EA5D15 /* Release */ = {
			isa = XCBuildConfiguration;
			buildSettings = {
				ALWAYS_EMBED_SWIFT_STANDARD_LIBRARIES = YES;
				CODE_SIGN_STYLE = Automatic;
				CURRENT_PROJECT_VERSION = 1;
				DEVELOPMENT_TEAM = D6S3USZW2N;
				GENERATE_INFOPLIST_FILE = YES;
				LD_RUNPATH_SEARCH_PATHS = (
					"$(inherited)",
					"@executable_path/Frameworks",
					"@loader_path/Frameworks",
				);
				MARKETING_VERSION = 1.0;
				PRODUCT_BUNDLE_IDENTIFIER = "com.andrew-pautov.ToDoAppUITests";
				PRODUCT_NAME = "$(TARGET_NAME)";
				SWIFT_EMIT_LOC_STRINGS = NO;
				SWIFT_VERSION = 5.0;
				TARGETED_DEVICE_FAMILY = "1,2";
				TEST_TARGET_NAME = ToDoApp;
			};
			name = Release;
		};
/* End XCBuildConfiguration section */

/* Begin XCConfigurationList section */
		6E0D6181280B300300EA5D15 /* Build configuration list for PBXProject "ToDoApp" */ = {
			isa = XCConfigurationList;
			buildConfigurations = (
				6E0D61AE280B300B00EA5D15 /* Debug */,
				6E0D61AF280B300B00EA5D15 /* Release */,
			);
			defaultConfigurationIsVisible = 0;
			defaultConfigurationName = Release;
		};
		6E0D61B0280B300B00EA5D15 /* Build configuration list for PBXNativeTarget "ToDoApp" */ = {
			isa = XCConfigurationList;
			buildConfigurations = (
				6E0D61B1280B300B00EA5D15 /* Debug */,
				6E0D61B2280B300B00EA5D15 /* Release */,
			);
			defaultConfigurationIsVisible = 0;
			defaultConfigurationName = Release;
		};
		6E0D61B3280B300B00EA5D15 /* Build configuration list for PBXNativeTarget "ToDoAppTests" */ = {
			isa = XCConfigurationList;
			buildConfigurations = (
				6E0D61B4280B300B00EA5D15 /* Debug */,
				6E0D61B5280B300B00EA5D15 /* Release */,
			);
			defaultConfigurationIsVisible = 0;
			defaultConfigurationName = Release;
		};
		6E0D61B6280B300B00EA5D15 /* Build configuration list for PBXNativeTarget "ToDoAppUITests" */ = {
			isa = XCConfigurationList;
			buildConfigurations = (
				6E0D61B7280B300B00EA5D15 /* Debug */,
				6E0D61B8280B300B00EA5D15 /* Release */,
			);
			defaultConfigurationIsVisible = 0;
			defaultConfigurationName = Release;
		};
/* End XCConfigurationList section */
	};
	rootObject = 6E0D617E280B300300EA5D15 /* Project object */;
}
